
Microsoft Visual Studio Solution File, Format Version 12.00
# Visual Studio Version 17
VisualStudioVersion = 17.5.33516.290
MinimumVisualStudioVersion = 10.0.40219.1
Project("{FAE04EC0-301F-11D3-BF4B-00C04F79EFBC}") = "back", "back.csproj", "{D67DA7CF-34E8-46AD-A952-F1647C07D958}"
EndProject
Global
	GlobalSection(SolutionConfigurationPlatforms) = preSolution
		Debug|Any CPU = Debug|Any CPU
		Release|Any CPU = Release|Any CPU
	EndGlobalSection
	GlobalSection(ProjectConfigurationPlatforms) = postSolution
		{D67DA7CF-34E8-46AD-A952-F1647C07D958}.Debug|Any CPU.ActiveCfg = Debug|Any CPU
		{D67DA7CF-34E8-46AD-A952-F1647C07D958}.Debug|Any CPU.Build.0 = Debug|Any CPU
		{D67DA7CF-34E8-46AD-A952-F1647C07D958}.Release|Any CPU.ActiveCfg = Release|Any CPU
		{D67DA7CF-34E8-46AD-A952-F1647C07D958}.Release|Any CPU.Build.0 = Release|Any CPU
	EndGlobalSection
	GlobalSection(SolutionProperties) = preSolution
		HideSolutionNode = FALSE
	EndGlobalSection
	GlobalSection(ExtensibilityGlobals) = postSolution
		SolutionGuid = {709D0A51-2386-49C5-8B25-33A0EAA6F899}
	EndGlobalSection
EndGlobal
